
Microsoft Visual Studio Solution File, Format Version 12.00
# Visual Studio Version 17
VisualStudioVersion = 17.6.33723.286
MinimumVisualStudioVersion = 10.0.40219.1
Project("{FAE04EC0-301F-11D3-BF4B-00C04F79EFBC}") = "etude-aspNet", "etude-aspNet\etude-aspNet.csproj", "{BBC4E227-B379-49B3-AEE3-D3B163E71C7B}"
EndProject
Global
	GlobalSection(SolutionConfigurationPlatforms) = preSolution
		Debug|Any CPU = Debug|Any CPU
		Release|Any CPU = Release|Any CPU
	EndGlobalSection
	GlobalSection(ProjectConfigurationPlatforms) = postSolution
		{BBC4E227-B379-49B3-AEE3-D3B163E71C7B}.Debug|Any CPU.ActiveCfg = Debug|Any CPU
		{BBC4E227-B379-49B3-AEE3-D3B163E71C7B}.Debug|Any CPU.Build.0 = Debug|Any CPU
		{BBC4E227-B379-49B3-AEE3-D3B163E71C7B}.Release|Any CPU.ActiveCfg = Release|Any CPU
		{BBC4E227-B379-49B3-AEE3-D3B163E71C7B}.Release|Any CPU.Build.0 = Release|Any CPU
	EndGlobalSection
	GlobalSection(SolutionProperties) = preSolution
		HideSolutionNode = FALSE
	EndGlobalSection
	GlobalSection(ExtensibilityGlobals) = postSolution
		SolutionGuid = {37B196B1-DFB6-46E6-8580-1D4AE68F05F2}
	EndGlobalSection
EndGlobal
